
Microsoft Visual Studio Solution File, Format Version 12.00
# Visual Studio Version 17
VisualStudioVersion = 17.11.35327.3
MinimumVisualStudioVersion = 10.0.40219.1
Project("{FAE04EC0-301F-11D3-BF4B-00C04F79EFBC}") = "UpcomingEventsHLTV_App", "UpcomingEventsHLTV_App\UpcomingEventsHLTV_App.csproj", "{DC156B5D-A3D2-4BD3-91FD-1716B41000FD}"
EndProject
Global
	GlobalSection(SolutionConfigurationPlatforms) = preSolution
		Debug|Any CPU = Debug|Any CPU
		Release|Any CPU = Release|Any CPU
	EndGlobalSection
	GlobalSection(ProjectConfigurationPlatforms) = postSolution
		{DC156B5D-A3D2-4BD3-91FD-1716B41000FD}.Debug|Any CPU.ActiveCfg = Debug|Any CPU
		{DC156B5D-A3D2-4BD3-91FD-1716B41000FD}.Debug|Any CPU.Build.0 = Debug|Any CPU
		{DC156B5D-A3D2-4BD3-91FD-1716B41000FD}.Release|Any CPU.ActiveCfg = Release|Any CPU
		{DC156B5D-A3D2-4BD3-91FD-1716B41000FD}.Release|Any CPU.Build.0 = Release|Any CPU
	EndGlobalSection
	GlobalSection(SolutionProperties) = preSolution
		HideSolutionNode = FALSE
	EndGlobalSection
	GlobalSection(ExtensibilityGlobals) = postSolution
		SolutionGuid = {A70FD69C-66EB-4DBD-9198-90C70F71D384}
	EndGlobalSection
EndGlobal
